{
  "lib/aave-v3-origin": {
    "tag": {
      "name": "v3.6.0",
      "rev": "5a230ec82fcb10afc7fe7cffa8978752fb17aa2b"
    }
  },
  "lib/forge-std": {
    "tag": {
      "name": "v1.15.0",
      "rev": "0844d7e1fc5e60d77b68e469bff60265f236c398"
    }
  },
  "lib/morpho-blue": {
    "tag": {
      "name": "v1.0.0",
      "rev": "55d2d99304fb3fb930c688462ae2ccabb1d533ad"
    }
  },
  "lib/morpho-blue-irm": {
    "tag": {
      "name": "v1.1.0",
      "rev": "ef5dcceb2463ab98a4d7bfa45b75fbfe8ca4bdb9"
    }
  },
  "lib/solady": {
    "tag": {
      "name": "v0.1.26",
      "rev": "acd959aa4bd04720d640bf4e6a5c71037510cc4b"
    }
  }
}